
Microsoft Visual Studio Solution File, Format Version 12.00
# Visual Studio Version 17
VisualStudioVersion = 17.0.31903.59
MinimumVisualStudioVersion = 10.0.40219.1
Project("{FAE04EC0-301F-11D3-BF4B-00C04F79EFBC}") = "CJUCatch.Server", "CJUCatch.Server\CJUCatch.Server.csproj", "{271DCA3B-E879-4785-A28E-75F194AC12D1}"
EndProject
Project("{FAE04EC0-301F-11D3-BF4B-00C04F79EFBC}") = "CJUCatch.Client.Desktop", "CJUCatch.Client.Desktop\CJUCatch.Client.Desktop.csproj", "{167D3802-128E-4ACC-9D4F-331E3BBF8722}"
EndProject
Project("{FAE04EC0-301F-11D3-BF4B-00C04F79EFBC}") = "CJUCatch.Shared", "CJUCatch.Shared\CJUCatch.Shared.csproj", "{0793CEEA-8DB2-476B-91B2-2FF186496C64}"
EndProject
Global
	GlobalSection(SolutionConfigurationPlatforms) = preSolution
		Debug|Any CPU = Debug|Any CPU
		Debug|x64 = Debug|x64
		Debug|x86 = Debug|x86
		Release|Any CPU = Release|Any CPU
		Release|x64 = Release|x64
		Release|x86 = Release|x86
	EndGlobalSection
	GlobalSection(ProjectConfigurationPlatforms) = postSolution
		{271DCA3B-E879-4785-A28E-75F194AC12D1}.Debug|Any CPU.ActiveCfg = Debug|Any CPU
		{271DCA3B-E879-4785-A28E-75F194AC12D1}.Debug|Any CPU.Build.0 = Debug|Any CPU
		{271DCA3B-E879-4785-A28E-75F194AC12D1}.Debug|x64.ActiveCfg = Debug|Any CPU
		{271DCA3B-E879-4785-A28E-75F194AC12D1}.Debug|x64.Build.0 = Debug|Any CPU
		{271DCA3B-E879-4785-A28E-75F194AC12D1}.Debug|x86.ActiveCfg = Debug|Any CPU
		{271DCA3B-E879-4785-A28E-75F194AC12D1}.Debug|x86.Build.0 = Debug|Any CPU
		{271DCA3B-E879-4785-A28E-75F194AC12D1}.Release|Any CPU.ActiveCfg = Release|Any CPU
		{271DCA3B-E879-4785-A28E-75F194AC12D1}.Release|Any CPU.Build.0 = Release|Any CPU
		{271DCA3B-E879-4785-A28E-75F194AC12D1}.Release|x64.ActiveCfg = Release|Any CPU
		{271DCA3B-E879-4785-A28E-75F194AC12D1}.Release|x64.Build.0 = Release|Any CPU
		{271DCA3B-E879-4785-A28E-75F194AC12D1}.Release|x86.ActiveCfg = Release|Any CPU
		{271DCA3B-E879-4785-A28E-75F194AC12D1}.Release|x86.Build.0 = Release|Any CPU
		{167D3802-128E-4ACC-9D4F-331E3BBF8722}.Debug|Any CPU.ActiveCfg = Debug|Any CPU
		{167D3802-128E-4ACC-9D4F-331E3BBF8722}.Debug|Any CPU.Build.0 = Debug|Any CPU
		{167D3802-128E-4ACC-9D4F-331E3BBF8722}.Debug|x64.ActiveCfg = Debug|Any CPU
		{167D3802-128E-4ACC-9D4F-331E3BBF8722}.Debug|x64.Build.0 = Debug|Any CPU
		{167D3802-128E-4ACC-9D4F-331E3BBF8722}.Debug|x86.ActiveCfg = Debug|Any CPU
		{167D3802-128E-4ACC-9D4F-331E3BBF8722}.Debug|x86.Build.0 = Debug|Any CPU
		{167D3802-128E-4ACC-9D4F-331E3BBF8722}.Release|Any CPU.ActiveCfg = Release|Any CPU
		{167D3802-128E-4ACC-9D4F-331E3BBF8722}.Release|Any CPU.Build.0 = Release|Any CPU
		{167D3802-128E-4ACC-9D4F-331E3BBF8722}.Release|x64.ActiveCfg = Release|Any CPU
		{167D3802-128E-4ACC-9D4F-331E3BBF8722}.Release|x64.Build.0 = Release|Any CPU
		{167D3802-128E-4ACC-9D4F-331E3BBF8722}.Release|x86.ActiveCfg = Release|Any CPU
		{167D3802-128E-4ACC-9D4F-331E3BBF8722}.Release|x86.Build.0 = Release|Any CPU
		{0793CEEA-8DB2-476B-91B2-2FF186496C64}.Debug|Any CPU.ActiveCfg = Debug|Any CPU
		{0793CEEA-8DB2-476B-91B2-2FF186496C64}.Debug|Any CPU.Build.0 = Debug|Any CPU
		{0793CEEA-8DB2-476B-91B2-2FF186496C64}.Debug|x64.ActiveCfg = Debug|Any CPU
		{0793CEEA-8DB2-476B-91B2-2FF186496C64}.Debug|x64.Build.0 = Debug|Any CPU
		{0793CEEA-8DB2-476B-91B2-2FF186496C64}.Debug|x86.ActiveCfg = Debug|Any CPU
		{0793CEEA-8DB2-476B-91B2-2FF186496C64}.Debug|x86.Build.0 = Debug|Any CPU
		{0793CEEA-8DB2-476B-91B2-2FF186496C64}.Release|Any CPU.ActiveCfg = Release|Any CPU
		{0793CEEA-8DB2-476B-91B2-2FF186496C64}.Release|Any CPU.Build.0 = Release|Any CPU
		{0793CEEA-8DB2-476B-91B2-2FF186496C64}.Release|x64.ActiveCfg = Release|Any CPU
		{0793CEEA-8DB2-476B-91B2-2FF186496C64}.Release|x64.Build.0 = Release|Any CPU
		{0793CEEA-8DB2-476B-91B2-2FF186496C64}.Release|x86.ActiveCfg = Release|Any CPU
		{0793CEEA-8DB2-476B-91B2-2FF186496C64}.Release|x86.Build.0 = Release|Any CPU
	EndGlobalSection
	GlobalSection(SolutionProperties) = preSolution
		HideSolutionNode = FALSE
	EndGlobalSection
EndGlobal
